
Microsoft Visual Studio Solution File, Format Version 12.00
# Visual Studio Version 17
VisualStudioVersion = 17.0.31903.59
MinimumVisualStudioVersion = 10.0.40219.1
Project("{FAE04EC0-301F-11D3-BF4B-00C04F79EFBC}") = "Api", "src\Api\Api.csproj", "{47385637-6C17-4507-9879-99A7C4F6A097}"
EndProject
Global
	GlobalSection(SolutionConfigurationPlatforms) = preSolution
		Debug|Any CPU = Debug|Any CPU
		Release|Any CPU = Release|Any CPU
	EndGlobalSection
	GlobalSection(ProjectConfigurationPlatforms) = postSolution
		{47385637-6C17-4507-9879-99A7C4F6A097}.Debug|Any CPU.ActiveCfg = Debug|Any CPU
		{47385637-6C17-4507-9879-99A7C4F6A097}.Debug|Any CPU.Build.0 = Debug|Any CPU
		{47385637-6C17-4507-9879-99A7C4F6A097}.Release|Any CPU.ActiveCfg = Release|Any CPU
		{47385637-6C17-4507-9879-99A7C4F6A097}.Release|Any CPU.Build.0 = Release|Any CPU
	EndGlobalSection
	GlobalSection(SolutionProperties) = preSolution
		HideSolutionNode = FALSE
	EndGlobalSection
	GlobalSection(ExtensibilityGlobals) = postSolution
		SolutionGuid = {12CF8CBE-D5AC-4D71-9DD4-D78D8DDC6F4A}
	EndGlobalSection
EndGlobal
